<?xml version="1.0" encoding="utf-8"?>
<Project ToolsVersion="4.0" xmlns="http://schemas.microsoft.com/developer/msbuild/2003">
  <ItemGroup>
    <Filter Include="Source Files">
      <UniqueIdentifier>{4FC737F1-C7A5-4376-A066-2A32D752A2FF}</UniqueIdentifier>
      <Extensions>cpp;c;cc;cxx;def;odl;idl;hpj;bat;asm;asmx</Extensions>
    </Filter>
    <Filter Include="Header Files">
      <UniqueIdentifier>{93995380-89BD-4b04-88EB-625FBE52EBFB}</UniqueIdentifier>
      <Extensions>h;hh;hpp;hxx;hm;inl;inc;ipp;xsd</Extensions>
    </Filter>
    <Filter Include="Resource Files">
      <UniqueIdentifier>{67DA6AB6-F800-4c08-8B7A-83BB121AAD01}</UniqueIdentifier>
      <Extensions>rc;ico;cur;bmp;dlg;rc2;rct;bin;rgs;gif;jpg;jpeg;jpe;resx;tiff;tif;png;wav;mfcribbon-ms</Extensions>
    </Filter>
  </ItemGroup>
  <ItemGroup>
    <ClInclude Include="pch.h">
      <Filter>Header Files</Filter>
    </ClInclude>
    <ClInclude Include="InputStream01.h">
      <Filter>Header Files</Filter>
    </ClInclude>
    <ClInclude Include="RandomFileCreation.h">
      <Filter>Header Files</Filter>
    </ClInclude>
    <ClInclude Include="OutputStream01.h">
      <Filter>Header Files</Filter>
    </ClInclude>
    <ClInclude Include="InputStream02.h">
      <Filter>Header Files</Filter>
    </ClInclude>
    <ClInclude Include="OutputStream02.h">
      <Filter>Header Files</Filter>
    </ClInclude>
    <ClInclude Include="InputStream03.h">
      <Filter>Header Files</Filter>
    </ClInclude>
    <ClInclude Include="OutputStream03.h">
      <Filter>Header Files</Filter>
    </ClInclude>
    <ClInclude Include="Benchmarking.h">
      <Filter>Header Files</Filter>
    </ClInclude>
    <ClInclude Include="Multiway.h">
      <Filter>Header Files</Filter>
    </ClInclude>
    <ClInclude Include="External.h">
      <Filter>Header Files</Filter>
    </ClInclude>
    <ClInclude Include="InputStream04.h">
      <Filter>Header Files</Filter>
    </ClInclude>
    <ClInclude Include="OutputStream04.h">
      <Filter>Header Files</Filter>
    </ClInclude>
    <ClInclude Include="InputStream.h">
      <Filter>Header Files</Filter>
    </ClInclude>
    <ClInclude Include="OutputStream.h">
      <Filter>Header Files</Filter>
    </ClInclude>
  </ItemGroup>
  <ItemGroup>
    <ClCompile Include="pch.cpp">
      <Filter>Source Files</Filter>
    </ClCompile>
    <ClCompile Include="project-nbaudoux-mdevers-womeire.cpp">
      <Filter>Source Files</Filter>
    </ClCompile>
    <ClCompile Include="InputStream01.cpp">
      <Filter>Source Files</Filter>
    </ClCompile>
    <ClCompile Include="RandomFileCreation.cpp">
      <Filter>Source Files</Filter>
    </ClCompile>
    <ClCompile Include="OutputStream01.cpp">
      <Filter>Source Files</Filter>
    </ClCompile>
    <ClCompile Include="InputStream02.cpp">
      <Filter>Source Files</Filter>
    </ClCompile>
    <ClCompile Include="OutputStream02.cpp">
      <Filter>Source Files</Filter>
    </ClCompile>
    <ClCompile Include="InputStream03.cpp">
      <Filter>Source Files</Filter>
    </ClCompile>
    <ClCompile Include="OutputStream03.cpp">
      <Filter>Source Files</Filter>
    </ClCompile>
    <ClCompile Include="Benchmarking.cpp">
      <Filter>Source Files</Filter>
    </ClCompile>
    <ClCompile Include="Multiway.cpp">
      <Filter>Source Files</Filter>
    </ClCompile>
    <ClCompile Include="External.cpp">
      <Filter>Source Files</Filter>
    </ClCompile>
    <ClCompile Include="InputStream04.cpp">
      <Filter>Source Files</Filter>
    </ClCompile>
    <ClCompile Include="OutputStream04.cpp">
      <Filter>Source Files</Filter>
    </ClCompile>
    <ClCompile Include="InputStream.cpp">
      <Filter>Source Files</Filter>
    </ClCompile>
    <ClCompile Include="OutputStream.cpp">
      <Filter>Source Files</Filter>
    </ClCompile>
  </ItemGroup>
</Project>